
Microsoft Visual Studio Solution File, Format Version 12.00
# Visual Studio 15
VisualStudioVersion = 15.0.28307.539
MinimumVisualStudioVersion = 10.0.40219.1
Project("{8BC9CEB8-8B4A-11D0-8D11-00A0C91BC942}") = "Ball_block", "Ball_block\Ball_block.vcxproj", "{176C691B-CF05-4256-97BF-F68D0585BB3B}"
EndProject
Global
	GlobalSection(SolutionConfigurationPlatforms) = preSolution
		Debug|x64 = Debug|x64
		Debug|x86 = Debug|x86
		Release|x64 = Release|x64
		Release|x86 = Release|x86
	EndGlobalSection
	GlobalSection(ProjectConfigurationPlatforms) = postSolution
		{176C691B-CF05-4256-97BF-F68D0585BB3B}.Debug|x64.ActiveCfg = Debug|x64
		{176C691B-CF05-4256-97BF-F68D0585BB3B}.Debug|x64.Build.0 = Debug|x64
		{176C691B-CF05-4256-97BF-F68D0585BB3B}.Debug|x86.ActiveCfg = Debug|Win32
		{176C691B-CF05-4256-97BF-F68D0585BB3B}.Debug|x86.Build.0 = Debug|Win32
		{176C691B-CF05-4256-97BF-F68D0585BB3B}.Release|x64.ActiveCfg = Release|x64
		{176C691B-CF05-4256-97BF-F68D0585BB3B}.Release|x64.Build.0 = Release|x64
		{176C691B-CF05-4256-97BF-F68D0585BB3B}.Release|x86.ActiveCfg = Release|Win32
		{176C691B-CF05-4256-97BF-F68D0585BB3B}.Release|x86.Build.0 = Release|Win32
	EndGlobalSection
	GlobalSection(SolutionProperties) = preSolution
		HideSolutionNode = FALSE
	EndGlobalSection
	GlobalSection(ExtensibilityGlobals) = postSolution
		SolutionGuid = {FC17D7A0-0E57-4E50-B0C2-8ACD1421ABFB}
	EndGlobalSection
EndGlobal
